
Microsoft Visual Studio Solution File, Format Version 12.00
# Visual Studio 15
VisualStudioVersion = 15.0.27130.2036
MinimumVisualStudioVersion = 10.0.40219.1
Project("{FAE04EC0-301F-11D3-BF4B-00C04F79EFBC}") = "Capstone 2 Tasklist", "Capstone 2 Tasklist.csproj", "{0E5F28FD-86D5-4AAC-B0B5-B38054A174D6}"
EndProject
Global
	GlobalSection(SolutionConfigurationPlatforms) = preSolution
		Debug|Any CPU = Debug|Any CPU
		Release|Any CPU = Release|Any CPU
	EndGlobalSection
	GlobalSection(ProjectConfigurationPlatforms) = postSolution
		{0E5F28FD-86D5-4AAC-B0B5-B38054A174D6}.Debug|Any CPU.ActiveCfg = Debug|Any CPU
		{0E5F28FD-86D5-4AAC-B0B5-B38054A174D6}.Debug|Any CPU.Build.0 = Debug|Any CPU
		{0E5F28FD-86D5-4AAC-B0B5-B38054A174D6}.Release|Any CPU.ActiveCfg = Release|Any CPU
		{0E5F28FD-86D5-4AAC-B0B5-B38054A174D6}.Release|Any CPU.Build.0 = Release|Any CPU
	EndGlobalSection
	GlobalSection(SolutionProperties) = preSolution
		HideSolutionNode = FALSE
	EndGlobalSection
	GlobalSection(ExtensibilityGlobals) = postSolution
		SolutionGuid = {105E928E-A259-4402-9B9E-DF411F14B43F}
	EndGlobalSection
EndGlobal
